
Microsoft Visual Studio Solution File, Format Version 12.00
# Visual Studio Version 16
VisualStudioVersion = 16.0.29519.87
MinimumVisualStudioVersion = 10.0.40219.1
Project("{FAE04EC0-301F-11D3-BF4B-00C04F79EFBC}") = "DiscordBot", "DiscordBot.csproj", "{6B9F36EA-914D-4D05-8DE6-2943940AFBEA}"
EndProject
Global
	GlobalSection(SolutionConfigurationPlatforms) = preSolution
		Debug|Any CPU = Debug|Any CPU
		Release|Any CPU = Release|Any CPU
	EndGlobalSection
	GlobalSection(ProjectConfigurationPlatforms) = postSolution
		{6B9F36EA-914D-4D05-8DE6-2943940AFBEA}.Debug|Any CPU.ActiveCfg = Debug|Any CPU
		{6B9F36EA-914D-4D05-8DE6-2943940AFBEA}.Debug|Any CPU.Build.0 = Debug|Any CPU
		{6B9F36EA-914D-4D05-8DE6-2943940AFBEA}.Release|Any CPU.ActiveCfg = Release|Any CPU
		{6B9F36EA-914D-4D05-8DE6-2943940AFBEA}.Release|Any CPU.Build.0 = Release|Any CPU
	EndGlobalSection
	GlobalSection(SolutionProperties) = preSolution
		HideSolutionNode = FALSE
	EndGlobalSection
	GlobalSection(ExtensibilityGlobals) = postSolution
		SolutionGuid = {C0FFD797-03D6-4BE6-8F46-3857C38FEB6F}
	EndGlobalSection
EndGlobal
